
Microsoft Visual Studio Solution File, Format Version 12.00
# Visual Studio Version 17
VisualStudioVersion = 17.0.31903.59
MinimumVisualStudioVersion = 10.0.40219.1
Project("{2150E333-8FDC-42A3-9474-1A3956D46DE8}") = "domain", "domain", "{A4D4C60F-6A01-419E-9B90-857998D22153}"
EndProject
Project("{9A19103F-16F7-4668-BE54-9A1E7A4F7556}") = "Furnituremarket.Domain", "Furnituremarket.Domain\Furnituremarket.Domain.csproj", "{9CF176DD-5C91-4A0A-B6A2-BD12873CC81E}"
EndProject
Project("{2150E333-8FDC-42A3-9474-1A3956D46DE8}") = "dal", "dal", "{DDC1C1DD-DA8F-43B7-BDBF-C464BB64C751}"
EndProject
Project("{9A19103F-16F7-4668-BE54-9A1E7A4F7556}") = "Furnituremarket.DAL", "Furnituremarket.DAL\Furnituremarket.DAL.csproj", "{9278F86B-39FD-4898-A570-CCD3F13F2E70}"
EndProject
Project("{2150E333-8FDC-42A3-9474-1A3956D46DE8}") = "presentation", "presentation", "{6B3F30FA-F357-4942-91D2-5B942D9E46B4}"
EndProject
Project("{9A19103F-16F7-4668-BE54-9A1E7A4F7556}") = "Furnituremarket.Web", "Furnituremarket.Web\Furnituremarket.Web.csproj", "{2D140F70-6689-415F-A23B-C505778A311C}"
EndProject
Project("{2150E333-8FDC-42A3-9474-1A3956D46DE8}") = "service", "service", "{496F71EC-0F15-4972-81FC-B944D8C470B4}"
EndProject
Project("{9A19103F-16F7-4668-BE54-9A1E7A4F7556}") = "Furnituremarket.Service", "Furnituremarket.Service\Furnituremarket.Service.csproj", "{37CC95E3-CA48-40FC-9456-7BD1025D4D8C}"
EndProject
Project("{2150E333-8FDC-42A3-9474-1A3956D46DE8}") = "test", "test", "{79401B97-3E60-4443-8ED3-D95E78FC27B6}"
EndProject
Project("{9A19103F-16F7-4668-BE54-9A1E7A4F7556}") = "Furnituremarket.Tests", "Furnituremarket.Tests\Furnituremarket.Tests.csproj", "{CC8B7C9D-3473-4C09-BB90-14B9D186601E}"
EndProject
Global
	GlobalSection(SolutionConfigurationPlatforms) = preSolution
		Debug|Any CPU = Debug|Any CPU
		Release|Any CPU = Release|Any CPU
	EndGlobalSection
	GlobalSection(ProjectConfigurationPlatforms) = postSolution
		{9CF176DD-5C91-4A0A-B6A2-BD12873CC81E}.Debug|Any CPU.ActiveCfg = Debug|Any CPU
		{9CF176DD-5C91-4A0A-B6A2-BD12873CC81E}.Debug|Any CPU.Build.0 = Debug|Any CPU
		{9CF176DD-5C91-4A0A-B6A2-BD12873CC81E}.Release|Any CPU.ActiveCfg = Release|Any CPU
		{9CF176DD-5C91-4A0A-B6A2-BD12873CC81E}.Release|Any CPU.Build.0 = Release|Any CPU
		{9278F86B-39FD-4898-A570-CCD3F13F2E70}.Debug|Any CPU.ActiveCfg = Debug|Any CPU
		{9278F86B-39FD-4898-A570-CCD3F13F2E70}.Debug|Any CPU.Build.0 = Debug|Any CPU
		{9278F86B-39FD-4898-A570-CCD3F13F2E70}.Release|Any CPU.ActiveCfg = Release|Any CPU
		{9278F86B-39FD-4898-A570-CCD3F13F2E70}.Release|Any CPU.Build.0 = Release|Any CPU
		{2D140F70-6689-415F-A23B-C505778A311C}.Debug|Any CPU.ActiveCfg = Debug|Any CPU
		{2D140F70-6689-415F-A23B-C505778A311C}.Debug|Any CPU.Build.0 = Debug|Any CPU
		{2D140F70-6689-415F-A23B-C505778A311C}.Release|Any CPU.ActiveCfg = Release|Any CPU
		{2D140F70-6689-415F-A23B-C505778A311C}.Release|Any CPU.Build.0 = Release|Any CPU
		{37CC95E3-CA48-40FC-9456-7BD1025D4D8C}.Debug|Any CPU.ActiveCfg = Debug|Any CPU
		{37CC95E3-CA48-40FC-9456-7BD1025D4D8C}.Debug|Any CPU.Build.0 = Debug|Any CPU
		{37CC95E3-CA48-40FC-9456-7BD1025D4D8C}.Release|Any CPU.ActiveCfg = Release|Any CPU
		{37CC95E3-CA48-40FC-9456-7BD1025D4D8C}.Release|Any CPU.Build.0 = Release|Any CPU
		{CC8B7C9D-3473-4C09-BB90-14B9D186601E}.Debug|Any CPU.ActiveCfg = Debug|Any CPU
		{CC8B7C9D-3473-4C09-BB90-14B9D186601E}.Debug|Any CPU.Build.0 = Debug|Any CPU
		{CC8B7C9D-3473-4C09-BB90-14B9D186601E}.Release|Any CPU.ActiveCfg = Release|Any CPU
		{CC8B7C9D-3473-4C09-BB90-14B9D186601E}.Release|Any CPU.Build.0 = Release|Any CPU
	EndGlobalSection
	GlobalSection(SolutionProperties) = preSolution
		HideSolutionNode = FALSE
	EndGlobalSection
	GlobalSection(NestedProjects) = preSolution
		{9CF176DD-5C91-4A0A-B6A2-BD12873CC81E} = {A4D4C60F-6A01-419E-9B90-857998D22153}
		{9278F86B-39FD-4898-A570-CCD3F13F2E70} = {DDC1C1DD-DA8F-43B7-BDBF-C464BB64C751}
		{2D140F70-6689-415F-A23B-C505778A311C} = {6B3F30FA-F357-4942-91D2-5B942D9E46B4}
		{37CC95E3-CA48-40FC-9456-7BD1025D4D8C} = {496F71EC-0F15-4972-81FC-B944D8C470B4}
		{CC8B7C9D-3473-4C09-BB90-14B9D186601E} = {79401B97-3E60-4443-8ED3-D95E78FC27B6}
	EndGlobalSection
	GlobalSection(ExtensibilityGlobals) = postSolution
		SolutionGuid = {6621C63D-8A37-4458-9019-3ED622A726C9}
	EndGlobalSection
EndGlobal
